
Microsoft Visual Studio Solution File, Format Version 12.00
# Visual Studio Version 17
VisualStudioVersion = 17.5.33516.290
MinimumVisualStudioVersion = 10.0.40219.1
Project("{9A19103F-16F7-4668-BE54-9A1E7A4F7556}") = "GrassRandoV2", "GrassRandoV2\GrassRandoV2.csproj", "{DA49DD87-AA53-486E-80D3-0FCBE5819697}"
EndProject
Project("{2150E333-8FDC-42A3-9474-1A3956D46DE8}") = "Solution Files", "Solution Files", "{053929DD-6536-45BD-BB29-4D2FCE339B31}"
	ProjectSection(SolutionItems) = preProject
		.github\workflows\build.yml = .github\workflows\build.yml
		.github\dependabot.yml = .github\dependabot.yml
		README.md = README.md
	EndProjectSection
EndProject
Global
	GlobalSection(SolutionConfigurationPlatforms) = preSolution
		Debug|Any CPU = Debug|Any CPU
		Release|Any CPU = Release|Any CPU
	EndGlobalSection
	GlobalSection(ProjectConfigurationPlatforms) = postSolution
		{DA49DD87-AA53-486E-80D3-0FCBE5819697}.Debug|Any CPU.ActiveCfg = Debug|Any CPU
		{DA49DD87-AA53-486E-80D3-0FCBE5819697}.Debug|Any CPU.Build.0 = Debug|Any CPU
		{DA49DD87-AA53-486E-80D3-0FCBE5819697}.Release|Any CPU.ActiveCfg = Release|Any CPU
		{DA49DD87-AA53-486E-80D3-0FCBE5819697}.Release|Any CPU.Build.0 = Release|Any CPU
	EndGlobalSection
	GlobalSection(SolutionProperties) = preSolution
		HideSolutionNode = FALSE
	EndGlobalSection
	GlobalSection(ExtensibilityGlobals) = postSolution
		SolutionGuid = {2B5D38F8-A8C3-4F52-ABEB-0CA673EEA837}
	EndGlobalSection
EndGlobal
